
Microsoft Visual Studio Solution File, Format Version 11.00
# Visual Studio 2010
Project("{FAE04EC0-301F-11D3-BF4B-00C04F79EFBC}") = "Assembly-CSharp", "Assembly-CSharp.csproj", "{2ef7883c-d838-b488-0e2b-f47fb40b4fa2}"
EndProject
Project("{FAE04EC0-301F-11D3-BF4B-00C04F79EFBC}") = "Assembly-CSharp-Editor", "Assembly-CSharp-Editor.csproj", "{e7ec4ab8-5f92-ba28-a178-77af7fd4b19f}"
EndProject
Global
	GlobalSection(SolutionConfigurationPlatforms) = preSolution
		Debug|Any CPU = Debug|Any CPU
	EndGlobalSection
	GlobalSection(ProjectConfigurationPlatforms) = postSolution
		{2ef7883c-d838-b488-0e2b-f47fb40b4fa2}.Debug|Any CPU.ActiveCfg = Debug|Any CPU
		{2ef7883c-d838-b488-0e2b-f47fb40b4fa2}.Debug|Any CPU.Build.0 = Debug|Any CPU
		{e7ec4ab8-5f92-ba28-a178-77af7fd4b19f}.Debug|Any CPU.ActiveCfg = Debug|Any CPU
		{e7ec4ab8-5f92-ba28-a178-77af7fd4b19f}.Debug|Any CPU.Build.0 = Debug|Any CPU
	EndGlobalSection
	GlobalSection(SolutionProperties) = preSolution
		HideSolutionNode = FALSE
	EndGlobalSection
EndGlobal
